// !$*UTF8*$!
{
	archiveVersion = 1;
	classes = {
	};
	objectVersion = 48;
	objects = {

/* Begin PBXBuildFile section */
		20979490688A4B2DB800DF4D /* Pods_D_Help.framework in Frameworks */ = {isa = PBXBuildFile; fileRef = 3662C34915564F646A4C6F28 /* Pods_D_Help.framework */; };
		9A5849621FC51F7F005CF88F /* AppDelegate.swift in Sources */ = {isa = PBXBuildFile; fileRef = 9A5849611FC51F7F005CF88F /* AppDelegate.swift */; };
		9A5849641FC51F7F005CF88F /* ViewController.swift in Sources */ = {isa = PBXBuildFile; fileRef = 9A5849631FC51F7F005CF88F /* ViewController.swift */; };
		9A5849671FC51F7F005CF88F /* Main.storyboard in Resources */ = {isa = PBXBuildFile; fileRef = 9A5849651FC51F7F005CF88F /* Main.storyboard */; };
		9A58496A1FC51F7F005CF88F /* D_Help.xcdatamodeld in Sources */ = {isa = PBXBuildFile; fileRef = 9A5849681FC51F7F005CF88F /* D_Help.xcdatamodeld */; };
		9A58496C1FC51F7F005CF88F /* Assets.xcassets in Resources */ = {isa = PBXBuildFile; fileRef = 9A58496B1FC51F7F005CF88F /* Assets.xcassets */; };
		9A58496F1FC51F7F005CF88F /* LaunchScreen.storyboard in Resources */ = {isa = PBXBuildFile; fileRef = 9A58496D1FC51F7F005CF88F /* LaunchScreen.storyboard */; };
		9A58497A1FC51F7F005CF88F /* D_HelpTests.swift in Sources */ = {isa = PBXBuildFile; fileRef = 9A5849791FC51F7F005CF88F /* D_HelpTests.swift */; };
		9A5849851FC51F7F005CF88F /* D_HelpUITests.swift in Sources */ = {isa = PBXBuildFile; fileRef = 9A5849841FC51F7F005CF88F /* D_HelpUITests.swift */; };
		9A5849931FC5590C005CF88F /* IMG_8081.JPG in Resources */ = {isa = PBXBuildFile; fileRef = 9A5849921FC55909005CF88F /* IMG_8081.JPG */; };
		9A5DE8C71FC5ECA50090DD57 /* SpeakUPVC.swift in Sources */ = {isa = PBXBuildFile; fileRef = 9A5DE8C61FC5ECA50090DD57 /* SpeakUPVC.swift */; };
		9A5DE8C91FC5F1BC0090DD57 /* NewViewController.swift in Sources */ = {isa = PBXBuildFile; fileRef = 9A5DE8C81FC5F1BC0090DD57 /* NewViewController.swift */; };
		9A5DE8CF1FC5FA960090DD57 /* RegisterVC.swift in Sources */ = {isa = PBXBuildFile; fileRef = 9A5DE8CE1FC5FA960090DD57 /* RegisterVC.swift */; };
		9A5DE8D11FC5FABA0090DD57 /* LoginVC.swift in Sources */ = {isa = PBXBuildFile; fileRef = 9A5DE8D01FC5FABA0090DD57 /* LoginVC.swift */; };
		9AC9B4EF1FC5A14200DFFE7C /* BacaLengkapVC.swift in Sources */ = {isa = PBXBuildFile; fileRef = 9AC9B4EE1FC5A14200DFFE7C /* BacaLengkapVC.swift */; };
		9AC9B4F11FC5AE4F00DFFE7C /* TextToVoiceVC.swift in Sources */ = {isa = PBXBuildFile; fileRef = 9AC9B4F01FC5AE4F00DFFE7C /* TextToVoiceVC.swift */; };
		9AD078AE1FC58BF9009846C4 /* DetailBukuVC.swift in Sources */ = {isa = PBXBuildFile; fileRef = 9AD078AD1FC58BF9009846C4 /* DetailBukuVC.swift */; };
		9AD5C57A1FC5C16E0013C417 /* cellFeedKonsultasi.swift in Sources */ = {isa = PBXBuildFile; fileRef = 9AD5C5791FC5C16E0013C417 /* cellFeedKonsultasi.swift */; };
		9AD5C57C1FC5C26E0013C417 /* FeedTableVC.swift in Sources */ = {isa = PBXBuildFile; fileRef = 9AD5C57B1FC5C26E0013C417 /* FeedTableVC.swift */; };
		9AD5C57E1FC5C3650013C417 /* ViewControllerFeedKonsultasi.swift in Sources */ = {isa = PBXBuildFile; fileRef = 9AD5C57D1FC5C3650013C417 /* ViewControllerFeedKonsultasi.swift */; };
		9AD7A8C71FC5D685007A1BDA /* MemberKonsultanVC.swift in Sources */ = {isa = PBXBuildFile; fileRef = 9AD7A8C61FC5D685007A1BDA /* MemberKonsultanVC.swift */; };
		9AD7A8C91FC5D76C007A1BDA /* CellMemberKonsultan.swift in Sources */ = {isa = PBXBuildFile; fileRef = 9AD7A8C81FC5D76C007A1BDA /* CellMemberKonsultan.swift */; };
		9AF9E4901FC57369000CD9C8 /* KategoriBukuTableController.swift in Sources */ = {isa = PBXBuildFile; fileRef = 9AF9E48F1FC57369000CD9C8 /* KategoriBukuTableController.swift */; };
		9AF9E4921FC57389000CD9C8 /* CellBukuTableViewCell.swift in Sources */ = {isa = PBXBuildFile; fileRef = 9AF9E4911FC57389000CD9C8 /* CellBukuTableViewCell.swift */; };
		9AF9E4941FC57C55000CD9C8 /* KatalogBukuTC.swift in Sources */ = {isa = PBXBuildFile; fileRef = 9AF9E4931FC57C55000CD9C8 /* KatalogBukuTC.swift */; };
		9AF9E4961FC57CD4000CD9C8 /* CellKatalogBuku.swift in Sources */ = {isa = PBXBuildFile; fileRef = 9AF9E4951FC57CD4000CD9C8 /* CellKatalogBuku.swift */; };
/* End PBXBuildFile section */

/* Begin PBXContainerItemProxy section */
		9A5849761FC51F7F005CF88F /* PBXContainerItemProxy */ = {
			isa = PBXContainerItemProxy;
			containerPortal = 9A5849561FC51F7F005CF88F /* Project object */;
			proxyType = 1;
			remoteGlobalIDString = 9A58495D1FC51F7F005CF88F;
			remoteInfo = "D-Help";
		};
		9A5849811FC51F7F005CF88F /* PBXContainerItemProxy */ = {
			isa = PBXContainerItemProxy;
			containerPortal = 9A5849561FC51F7F005CF88F /* Project object */;
			proxyType = 1;
			remoteGlobalIDString = 9A58495D1FC51F7F005CF88F;
			remoteInfo = "D-Help";
		};
/* End PBXContainerItemProxy section */

/* Begin PBXFileReference section */
		04D3E7EB49B96E3F530774B5 /* Pods-D-Help.debug.xcconfig */ = {isa = PBXFileReference; includeInIndex = 1; lastKnownFileType = text.xcconfig; name = "Pods-D-Help.debug.xcconfig"; path = "Pods/Target Support Files/Pods-D-Help/Pods-D-Help.debug.xcconfig"; sourceTree = "<group>"; };
		3662C34915564F646A4C6F28 /* Pods_D_Help.framework */ = {isa = PBXFileReference; explicitFileType = wrapper.framework; includeInIndex = 0; path = Pods_D_Help.framework; sourceTree = BUILT_PRODUCTS_DIR; };
		9A58495E1FC51F7F005CF88F /* D-Help.app */ = {isa = PBXFileReference; explicitFileType = wrapper.application; includeInIndex = 0; path = "D-Help.app"; sourceTree = BUILT_PRODUCTS_DIR; };
		9A5849611FC51F7F005CF88F /* AppDelegate.swift */ = {isa = PBXFileReference; lastKnownFileType = sourcecode.swift; path = AppDelegate.swift; sourceTree = "<group>"; };
		9A5849631FC51F7F005CF88F /* ViewController.swift */ = {isa = PBXFileReference; lastKnownFileType = sourcecode.swift; path = ViewController.swift; sourceTree = "<group>"; };
		9A5849661FC51F7F005CF88F /* Base */ = {isa = PBXFileReference; lastKnownFileType = file.storyboard; name = Base; path = Base.lproj/Main.storyboard; sourceTree = "<group>"; };
		9A5849691FC51F7F005CF88F /* D_Help.xcdatamodel */ = {isa = PBXFileReference; lastKnownFileType = wrapper.xcdatamodel; path = D_Help.xcdatamodel; sourceTree = "<group>"; };
		9A58496B1FC51F7F005CF88F /* Assets.xcassets */ = {isa = PBXFileReference; lastKnownFileType = folder.assetcatalog; path = Assets.xcassets; sourceTree = "<group>"; };
		9A58496E1FC51F7F005CF88F /* Base */ = {isa = PBXFileReference; lastKnownFileType = file.storyboard; name = Base; path = Base.lproj/LaunchScreen.storyboard; sourceTree = "<group>"; };
		9A5849701FC51F7F005CF88F /* Info.plist */ = {isa = PBXFileReference; lastKnownFileType = text.plist.xml; path = Info.plist; sourceTree = "<group>"; };
		9A5849751FC51F7F005CF88F /* D-HelpTests.xctest */ = {isa = PBXFileReference; explicitFileType = wrapper.cfbundle; includeInIndex = 0; path = "D-HelpTests.xctest"; sourceTree = BUILT_PRODUCTS_DIR; };
		9A5849791FC51F7F005CF88F /* D_HelpTests.swift */ = {isa = PBXFileReference; lastKnownFileType = sourcecode.swift; path = D_HelpTests.swift; sourceTree = "<group>"; };
		9A58497B1FC51F7F005CF88F /* Info.plist */ = {isa = PBXFileReference; lastKnownFileType = text.plist.xml; path = Info.plist; sourceTree = "<group>"; };
		9A5849801FC51F7F005CF88F /* D-HelpUITests.xctest */ = {isa = PBXFileReference; explicitFileType = wrapper.cfbundle; includeInIndex = 0; path = "D-HelpUITests.xctest"; sourceTree = BUILT_PRODUCTS_DIR; };
		9A5849841FC51F7F005CF88F /* D_HelpUITests.swift */ = {isa = PBXFileReference; lastKnownFileType = sourcecode.swift; path = D_HelpUITests.swift; sourceTree = "<group>"; };
		9A5849861FC51F7F005CF88F /* Info.plist */ = {isa = PBXFileReference; lastKnownFileType = text.plist.xml; path = Info.plist; sourceTree = "<group>"; };
		9A5849921FC55909005CF88F /* IMG_8081.JPG */ = {isa = PBXFileReference; lastKnownFileType = image.jpeg; path = IMG_8081.JPG; sourceTree = "<group>"; };
		9A5DE8C61FC5ECA50090DD57 /* SpeakUPVC.swift */ = {isa = PBXFileReference; lastKnownFileType = sourcecode.swift; path = SpeakUPVC.swift; sourceTree = "<group>"; };
		9A5DE8C81FC5F1BC0090DD57 /* NewViewController.swift */ = {isa = PBXFileReference; fileEncoding = 4; lastKnownFileType = sourcecode.swift; path = NewViewController.swift; sourceTree = "<group>"; };
		9A5DE8CE1FC5FA960090DD57 /* RegisterVC.swift */ = {isa = PBXFileReference; lastKnownFileType = sourcecode.swift; path = RegisterVC.swift; sourceTree = "<group>"; };
		9A5DE8D01FC5FABA0090DD57 /* LoginVC.swift */ = {isa = PBXFileReference; lastKnownFileType = sourcecode.swift; path = LoginVC.swift; sourceTree = "<group>"; };
		9AC9B4EE1FC5A14200DFFE7C /* BacaLengkapVC.swift */ = {isa = PBXFileReference; lastKnownFileType = sourcecode.swift; path = BacaLengkapVC.swift; sourceTree = "<group>"; };
		9AC9B4F01FC5AE4F00DFFE7C /* TextToVoiceVC.swift */ = {isa = PBXFileReference; lastKnownFileType = sourcecode.swift; path = TextToVoiceVC.swift; sourceTree = "<group>"; };
		9AD078AD1FC58BF9009846C4 /* DetailBukuVC.swift */ = {isa = PBXFileReference; lastKnownFileType = sourcecode.swift; path = DetailBukuVC.swift; sourceTree = "<group>"; };
		9AD5C5791FC5C16E0013C417 /* cellFeedKonsultasi.swift */ = {isa = PBXFileReference; lastKnownFileType = sourcecode.swift; path = cellFeedKonsultasi.swift; sourceTree = "<group>"; };
		9AD5C57B1FC5C26E0013C417 /* FeedTableVC.swift */ = {isa = PBXFileReference; lastKnownFileType = sourcecode.swift; path = FeedTableVC.swift; sourceTree = "<group>"; };
		9AD5C57D1FC5C3650013C417 /* ViewControllerFeedKonsultasi.swift */ = {isa = PBXFileReference; lastKnownFileType = sourcecode.swift; path = ViewControllerFeedKonsultasi.swift; sourceTree = "<group>"; };
		9AD7A8C61FC5D685007A1BDA /* MemberKonsultanVC.swift */ = {isa = PBXFileReference; lastKnownFileType = sourcecode.swift; path = MemberKonsultanVC.swift; sourceTree = "<group>"; };
		9AD7A8C81FC5D76C007A1BDA /* CellMemberKonsultan.swift */ = {isa = PBXFileReference; lastKnownFileType = sourcecode.swift; path = CellMemberKonsultan.swift; sourceTree = "<group>"; };
		9AF9E48F1FC57369000CD9C8 /* KategoriBukuTableController.swift */ = {isa = PBXFileReference; lastKnownFileType = sourcecode.swift; path = KategoriBukuTableController.swift; sourceTree = "<group>"; };
		9AF9E4911FC57389000CD9C8 /* CellBukuTableViewCell.swift */ = {isa = PBXFileReference; lastKnownFileType = sourcecode.swift; path = CellBukuTableViewCell.swift; sourceTree = "<group>"; };
		9AF9E4931FC57C55000CD9C8 /* KatalogBukuTC.swift */ = {isa = PBXFileReference; lastKnownFileType = sourcecode.swift; path = KatalogBukuTC.swift; sourceTree = "<group>"; };
		9AF9E4951FC57CD4000CD9C8 /* CellKatalogBuku.swift */ = {isa = PBXFileReference; lastKnownFileType = sourcecode.swift; path = CellKatalogBuku.swift; sourceTree = "<group>"; };
		E201D9D4A6DB4551229263EE /* Pods-D-Help.release.xcconfig */ = {isa = PBXFileReference; includeInIndex = 1; lastKnownFileType = text.xcconfig; name = "Pods-D-Help.release.xcconfig"; path = "Pods/Target Support Files/Pods-D-Help/Pods-D-Help.release.xcconfig"; sourceTree = "<group>"; };
/* End PBXFileReference section */

/* Begin PBXFrameworksBuildPhase section */
		9A58495B1FC51F7F005CF88F /* Frameworks */ = {
			isa = PBXFrameworksBuildPhase;
			buildActionMask = 2147483647;
			files = (
				20979490688A4B2DB800DF4D /* Pods_D_Help.framework in Frameworks */,
			);
			runOnlyForDeploymentPostprocessing = 0;
		};
		9A5849721FC51F7F005CF88F /* Frameworks */ = {
			isa = PBXFrameworksBuildPhase;
			buildActionMask = 2147483647;
			files = (
			);
			runOnlyForDeploymentPostprocessing = 0;
		};
		9A58497D1FC51F7F005CF88F /* Frameworks */ = {
			isa = PBXFrameworksBuildPhase;
			buildActionMask = 2147483647;
			files = (
			);
			runOnlyForDeploymentPostprocessing = 0;
		};
/* End PBXFrameworksBuildPhase section */

/* Begin PBXGroup section */
		1D37547BC358525F08E3D139 /* Pods */ = {
			isa = PBXGroup;
			children = (
				04D3E7EB49B96E3F530774B5 /* Pods-D-Help.debug.xcconfig */,
				E201D9D4A6DB4551229263EE /* Pods-D-Help.release.xcconfig */,
			);
			name = Pods;
			sourceTree = "<group>";
		};
		4D18B8D5E4AC3C254A794DB1 /* Frameworks */ = {
			isa = PBXGroup;
			children = (
				3662C34915564F646A4C6F28 /* Pods_D_Help.framework */,
			);
			name = Frameworks;
			sourceTree = "<group>";
		};
		9A5849551FC51F7F005CF88F = {
			isa = PBXGroup;
			children = (
				9A5849601FC51F7F005CF88F /* D-Help */,
				9A5849781FC51F7F005CF88F /* D-HelpTests */,
				9A5849831FC51F7F005CF88F /* D-HelpUITests */,
				9A58495F1FC51F7F005CF88F /* Products */,
				1D37547BC358525F08E3D139 /* Pods */,
				4D18B8D5E4AC3C254A794DB1 /* Frameworks */,
			);
			sourceTree = "<group>";
		};
		9A58495F1FC51F7F005CF88F /* Products */ = {
			isa = PBXGroup;
			children = (
				9A58495E1FC51F7F005CF88F /* D-Help.app */,
				9A5849751FC51F7F005CF88F /* D-HelpTests.xctest */,
				9A5849801FC51F7F005CF88F /* D-HelpUITests.xctest */,
			);
			name = Products;
			sourceTree = "<group>";
		};
		9A5849601FC51F7F005CF88F /* D-Help */ = {
			isa = PBXGroup;
			children = (
				9A5DE8C81FC5F1BC0090DD57 /* NewViewController.swift */,
				9A5849921FC55909005CF88F /* IMG_8081.JPG */,
				9A5849611FC51F7F005CF88F /* AppDelegate.swift */,
				9A5849631FC51F7F005CF88F /* ViewController.swift */,
				9A5849651FC51F7F005CF88F /* Main.storyboard */,
				9A58496B1FC51F7F005CF88F /* Assets.xcassets */,
				9A58496D1FC51F7F005CF88F /* LaunchScreen.storyboard */,
				9A5849701FC51F7F005CF88F /* Info.plist */,
				9A5849681FC51F7F005CF88F /* D_Help.xcdatamodeld */,
				9AF9E48F1FC57369000CD9C8 /* KategoriBukuTableController.swift */,
				9AF9E4911FC57389000CD9C8 /* CellBukuTableViewCell.swift */,
				9AF9E4931FC57C55000CD9C8 /* KatalogBukuTC.swift */,
				9AF9E4951FC57CD4000CD9C8 /* CellKatalogBuku.swift */,
				9AD078AD1FC58BF9009846C4 /* DetailBukuVC.swift */,
				9AC9B4EE1FC5A14200DFFE7C /* BacaLengkapVC.swift */,
				9AC9B4F01FC5AE4F00DFFE7C /* TextToVoiceVC.swift */,
				9AD5C5791FC5C16E0013C417 /* cellFeedKonsultasi.swift */,
				9AD5C57B1FC5C26E0013C417 /* FeedTableVC.swift */,
				9AD5C57D1FC5C3650013C417 /* ViewControllerFeedKonsultasi.swift */,
				9AD7A8C61FC5D685007A1BDA /* MemberKonsultanVC.swift */,
				9AD7A8C81FC5D76C007A1BDA /* CellMemberKonsultan.swift */,
				9A5DE8C61FC5ECA50090DD57 /* SpeakUPVC.swift */,
				9A5DE8CE1FC5FA960090DD57 /* RegisterVC.swift */,
				9A5DE8D01FC5FABA0090DD57 /* LoginVC.swift */,
			);
			path = "D-Help";
			sourceTree = "<group>";
		};
		9A5849781FC51F7F005CF88F /* D-HelpTests */ = {
			isa = PBXGroup;
			children = (
				9A5849791FC51F7F005CF88F /* D_HelpTests.swift */,
				9A58497B1FC51F7F005CF88F /* Info.plist */,
			);
			path = "D-HelpTests";
			sourceTree = "<group>";
		};
		9A5849831FC51F7F005CF88F /* D-HelpUITests */ = {
			isa = PBXGroup;
			children = (
				9A5849841FC51F7F005CF88F /* D_HelpUITests.swift */,
				9A5849861FC51F7F005CF88F /* Info.plist */,
			);
			path = "D-HelpUITests";
			sourceTree = "<group>";
		};
/* End PBXGroup section */

/* Begin PBXNativeTarget section */
		9A58495D1FC51F7F005CF88F /* D-Help */ = {
			isa = PBXNativeTarget;
			buildConfigurationList = 9A5849891FC51F7F005CF88F /* Build configuration list for PBXNativeTarget "D-Help" */;
			buildPhases = (
				BCF101BB945F3B64312C6403 /* [CP] Check Pods Manifest.lock */,
				9A58495A1FC51F7F005CF88F /* Sources */,
				9A58495B1FC51F7F005CF88F /* Frameworks */,
				9A58495C1FC51F7F005CF88F /* Resources */,
				CC1A2C999E7F186186658F5E /* [CP] Embed Pods Frameworks */,
				67CEEC08380BB88C29F82465 /* [CP] Copy Pods Resources */,
			);
			buildRules = (
			);
			dependencies = (
			);
			name = "D-Help";
			productName = "D-Help";
			productReference = 9A58495E1FC51F7F005CF88F /* D-Help.app */;
			productType = "com.apple.product-type.application";
		};
		9A5849741FC51F7F005CF88F /* D-HelpTests */ = {
			isa = PBXNativeTarget;
			buildConfigurationList = 9A58498C1FC51F7F005CF88F /* Build configuration list for PBXNativeTarget "D-HelpTests" */;
			buildPhases = (
				9A5849711FC51F7F005CF88F /* Sources */,
				9A5849721FC51F7F005CF88F /* Frameworks */,
				9A5849731FC51F7F005CF88F /* Resources */,
			);
			buildRules = (
			);
			dependencies = (
				9A5849771FC51F7F005CF88F /* PBXTargetDependency */,
			);
			name = "D-HelpTests";
			productName = "D-HelpTests";
			productReference = 9A5849751FC51F7F005CF88F /* D-HelpTests.xctest */;
			productType = "com.apple.product-type.bundle.unit-test";
		};
		9A58497F1FC51F7F005CF88F /* D-HelpUITests */ = {
			isa = PBXNativeTarget;
			buildConfigurationList = 9A58498F1FC51F7F005CF88F /* Build configuration list for PBXNativeTarget "D-HelpUITests" */;
			buildPhases = (
				9A58497C1FC51F7F005CF88F /* Sources */,
				9A58497D1FC51F7F005CF88F /* Frameworks */,
				9A58497E1FC51F7F005CF88F /* Resources */,
			);
			buildRules = (
			);
			dependencies = (
				9A5849821FC51F7F005CF88F /* PBXTargetDependency */,
			);
			name = "D-HelpUITests";
			productName = "D-HelpUITests";
			productReference = 9A5849801FC51F7F005CF88F /* D-HelpUITests.xctest */;
			productType = "com.apple.product-type.bundle.ui-testing";
		};
/* End PBXNativeTarget section */

/* Begin PBXProject section */
		9A5849561FC51F7F005CF88F /* Project object */ = {
			isa = PBXProject;
			attributes = {
				LastSwiftUpdateCheck = 0900;
				LastUpgradeCheck = 0900;
				ORGANIZATIONNAME = "Rizki Syaputra";
				TargetAttributes = {
					9A58495D1FC51F7F005CF88F = {
						CreatedOnToolsVersion = 9.0.1;
						ProvisioningStyle = Automatic;
					};
					9A5849741FC51F7F005CF88F = {
						CreatedOnToolsVersion = 9.0.1;
						ProvisioningStyle = Automatic;
						TestTargetID = 9A58495D1FC51F7F005CF88F;
					};
					9A58497F1FC51F7F005CF88F = {
						CreatedOnToolsVersion = 9.0.1;
						ProvisioningStyle = Automatic;
						TestTargetID = 9A58495D1FC51F7F005CF88F;
					};
				};
			};
			buildConfigurationList = 9A5849591FC51F7F005CF88F /* Build configuration list for PBXProject "D-Help" */;
			compatibilityVersion = "Xcode 8.0";
			developmentRegion = en;
			hasScannedForEncodings = 0;
			knownRegions = (
				en,
				Base,
			);
			mainGroup = 9A5849551FC51F7F005CF88F;
			productRefGroup = 9A58495F1FC51F7F005CF88F /* Products */;
			projectDirPath = "";
			projectRoot = "";
			targets = (
				9A58495D1FC51F7F005CF88F /* D-Help */,
				9A5849741FC51F7F005CF88F /* D-HelpTests */,
				9A58497F1FC51F7F005CF88F /* D-HelpUITests */,
			);
		};
/* End PBXProject section */

/* Begin PBXResourcesBuildPhase section */
		9A58495C1FC51F7F005CF88F /* Resources */ = {
			isa = PBXResourcesBuildPhase;
			buildActionMask = 2147483647;
			files = (
				9A5849931FC5590C005CF88F /* IMG_8081.JPG in Resources */,
				9A58496F1FC51F7F005CF88F /* LaunchScreen.storyboard in Resources */,
				9A58496C1FC51F7F005CF88F /* Assets.xcassets in Resources */,
				9A5849671FC51F7F005CF88F /* Main.storyboard in Resources */,
			);
			runOnlyForDeploymentPostprocessing = 0;
		};
		9A5849731FC51F7F005CF88F /* Resources */ = {
			isa = PBXResourcesBuildPhase;
			buildActionMask = 2147483647;
			files = (
			);
			runOnlyForDeploymentPostprocessing = 0;
		};
		9A58497E1FC51F7F005CF88F /* Resources */ = {
			isa = PBXResourcesBuildPhase;
			buildActionMask = 2147483647;
			files = (
			);
			runOnlyForDeploymentPostprocessing = 0;
		};
/* End PBXResourcesBuildPhase section */

/* Begin PBXShellScriptBuildPhase section */
		67CEEC08380BB88C29F82465 /* [CP] Copy Pods Resources */ = {
			isa = PBXShellScriptBuildPhase;
			buildActionMask = 2147483647;
			files = (
			);
			inputPaths = (
			);
			name = "[CP] Copy Pods Resources";
			outputPaths = (
			);
			runOnlyForDeploymentPostprocessing = 0;
			shellPath = /bin/sh;
			shellScript = "\"${SRCROOT}/Pods/Target Support Files/Pods-D-Help/Pods-D-Help-resources.sh\"\n";
			showEnvVarsInLog = 0;
		};
		BCF101BB945F3B64312C6403 /* [CP] Check Pods Manifest.lock */ = {
			isa = PBXShellScriptBuildPhase;
			buildActionMask = 2147483647;
			files = (
			);
			inputPaths = (
				"${PODS_PODFILE_DIR_PATH}/Podfile.lock",
				"${PODS_ROOT}/Manifest.lock",
			);
			name = "[CP] Check Pods Manifest.lock";
			outputPaths = (
				"$(DERIVED_FILE_DIR)/Pods-D-Help-checkManifestLockResult.txt",
			);
			runOnlyForDeploymentPostprocessing = 0;
			shellPath = /bin/sh;
			shellScript = "diff \"${PODS_PODFILE_DIR_PATH}/Podfile.lock\" \"${PODS_ROOT}/Manifest.lock\" > /dev/null\nif [ $? != 0 ] ; then\n    # print error to STDERR\n    echo \"error: The sandbox is not in sync with the Podfile.lock. Run 'pod install' or update your CocoaPods installation.\" >&2\n    exit 1\nfi\n# This output is used by Xcode 'outputs' to avoid re-running this script phase.\necho \"SUCCESS\" > \"${SCRIPT_OUTPUT_FILE_0}\"\n";
			showEnvVarsInLog = 0;
		};
		CC1A2C999E7F186186658F5E /* [CP] Embed Pods Frameworks */ = {
			isa = PBXShellScriptBuildPhase;
			buildActionMask = 2147483647;
			files = (
			);
			inputPaths = (
				"${SRCROOT}/Pods/Target Support Files/Pods-D-Help/Pods-D-Help-frameworks.sh",
				"${BUILT_PRODUCTS_DIR}/Alamofire/Alamofire.framework",
				"${BUILT_PRODUCTS_DIR}/AlamofireImage/AlamofireImage.framework",
				"${BUILT_PRODUCTS_DIR}/SwiftyJSON/SwiftyJSON.framework",
			);
			name = "[CP] Embed Pods Frameworks";
			outputPaths = (
				"${TARGET_BUILD_DIR}/${FRAMEWORKS_FOLDER_PATH}/Alamofire.framework",
				"${TARGET_BUILD_DIR}/${FRAMEWORKS_FOLDER_PATH}/AlamofireImage.framework",
				"${TARGET_BUILD_DIR}/${FRAMEWORKS_FOLDER_PATH}/SwiftyJSON.framework",
			);
			runOnlyForDeploymentPostprocessing = 0;
			shellPath = /bin/sh;
			shellScript = "\"${SRCROOT}/Pods/Target Support Files/Pods-D-Help/Pods-D-Help-frameworks.sh\"\n";
			showEnvVarsInLog = 0;
		};
/* End PBXShellScriptBuildPhase section */

/* Begin PBXSourcesBuildPhase section */
		9A58495A1FC51F7F005CF88F /* Sources */ = {
			isa = PBXSourcesBuildPhase;
			buildActionMask = 2147483647;
			files = (
				9AD5C57E1FC5C3650013C417 /* ViewControllerFeedKonsultasi.swift in Sources */,
				9AC9B4EF1FC5A14200DFFE7C /* BacaLengkapVC.swift in Sources */,
				9A5DE8C91FC5F1BC0090DD57 /* NewViewController.swift in Sources */,
				9A5DE8D11FC5FABA0090DD57 /* LoginVC.swift in Sources */,
				9AD5C57C1FC5C26E0013C417 /* FeedTableVC.swift in Sources */,
				9AD078AE1FC58BF9009846C4 /* DetailBukuVC.swift in Sources */,
				9AD7A8C71FC5D685007A1BDA /* MemberKonsultanVC.swift in Sources */,
				9AF9E4961FC57CD4000CD9C8 /* CellKatalogBuku.swift in Sources */,
				9AF9E4921FC57389000CD9C8 /* CellBukuTableViewCell.swift in Sources */,
				9AF9E4941FC57C55000CD9C8 /* KatalogBukuTC.swift in Sources */,
				9AD7A8C91FC5D76C007A1BDA /* CellMemberKonsultan.swift in Sources */,
				9A5849641FC51F7F005CF88F /* ViewController.swift in Sources */,
				9AD5C57A1FC5C16E0013C417 /* cellFeedKonsultasi.swift in Sources */,
				9A5849621FC51F7F005CF88F /* AppDelegate.swift in Sources */,
				9A5DE8C71FC5ECA50090DD57 /* SpeakUPVC.swift in Sources */,
				9AC9B4F11FC5AE4F00DFFE7C /* TextToVoiceVC.swift in Sources */,
				9A5DE8CF1FC5FA960090DD57 /* RegisterVC.swift in Sources */,
				9A58496A1FC51F7F005CF88F /* D_Help.xcdatamodeld in Sources */,
				9AF9E4901FC57369000CD9C8 /* KategoriBukuTableController.swift in Sources */,
			);
			runOnlyForDeploymentPostprocessing = 0;
		};
		9A5849711FC51F7F005CF88F /* Sources */ = {
			isa = PBXSourcesBuildPhase;
			buildActionMask = 2147483647;
			files = (
				9A58497A1FC51F7F005CF88F /* D_HelpTests.swift in Sources */,
			);
			runOnlyForDeploymentPostprocessing = 0;
		};
		9A58497C1FC51F7F005CF88F /* Sources */ = {
			isa = PBXSourcesBuildPhase;
			buildActionMask = 2147483647;
			files = (
				9A5849851FC51F7F005CF88F /* D_HelpUITests.swift in Sources */,
			);
			runOnlyForDeploymentPostprocessing = 0;
		};
/* End PBXSourcesBuildPhase section */

/* Begin PBXTargetDependency section */
		9A5849771FC51F7F005CF88F /* PBXTargetDependency */ = {
			isa = PBXTargetDependency;
			target = 9A58495D1FC51F7F005CF88F /* D-Help */;
			targetProxy = 9A5849761FC51F7F005CF88F /* PBXContainerItemProxy */;
		};
		9A5849821FC51F7F005CF88F /* PBXTargetDependency */ = {
			isa = PBXTargetDependency;
			target = 9A58495D1FC51F7F005CF88F /* D-Help */;
			targetProxy = 9A5849811FC51F7F005CF88F /* PBXContainerItemProxy */;
		};
/* End PBXTargetDependency section */

/* Begin PBXVariantGroup section */
		9A5849651FC51F7F005CF88F /* Main.storyboard */ = {
			isa = PBXVariantGroup;
			children = (
				9A5849661FC51F7F005CF88F /* Base */,
			);
			name = Main.storyboard;
			sourceTree = "<group>";
		};
		9A58496D1FC51F7F005CF88F /* LaunchScreen.storyboard */ = {
			isa = PBXVariantGroup;
			children = (
				9A58496E1FC51F7F005CF88F /* Base */,
			);
			name = LaunchScreen.storyboard;
			sourceTree = "<group>";
		};
/* End PBXVariantGroup section */

/* Begin XCBuildConfiguration section */
		9A5849871FC51F7F005CF88F /* Debug */ = {
			isa = XCBuildConfiguration;
			buildSettings = {
				ALWAYS_SEARCH_USER_PATHS = NO;
				CLANG_ANALYZER_NONNULL = YES;
				CLANG_ANALYZER_NUMBER_OBJECT_CONVERSION = YES_AGGRESSIVE;
				CLANG_CXX_LANGUAGE_STANDARD = "gnu++14";
				CLANG_CXX_LIBRARY = "libc++";
				CLANG_ENABLE_MODULES = YES;
				CLANG_ENABLE_OBJC_ARC = YES;
				CLANG_WARN_BLOCK_CAPTURE_AUTORELEASING = YES;
				CLANG_WARN_BOOL_CONVERSION = YES;
				CLANG_WARN_COMMA = YES;
				CLANG_WARN_CONSTANT_CONVERSION = YES;
				CLANG_WARN_DIRECT_OBJC_ISA_USAGE = YES_ERROR;
				CLANG_WARN_DOCUMENTATION_COMMENTS = YES;
				CLANG_WARN_EMPTY_BODY = YES;
				CLANG_WARN_ENUM_CONVERSION = YES;
				CLANG_WARN_INFINITE_RECURSION = YES;
				CLANG_WARN_INT_CONVERSION = YES;
				CLANG_WARN_NON_LITERAL_NULL_CONVERSION = YES;
				CLANG_WARN_OBJC_LITERAL_CONVERSION = YES;
				CLANG_WARN_OBJC_ROOT_CLASS = YES_ERROR;
				CLANG_WARN_RANGE_LOOP_ANALYSIS = YES;
				CLANG_WARN_STRICT_PROTOTYPES = YES;
				CLANG_WARN_SUSPICIOUS_MOVE = YES;
				CLANG_WARN_UNGUARDED_AVAILABILITY = YES_AGGRESSIVE;
				CLANG_WARN_UNREACHABLE_CODE = YES;
				CLANG_WARN__DUPLICATE_METHOD_MATCH = YES;
				CODE_SIGN_IDENTITY = "iPhone Developer";
				COPY_PHASE_STRIP = NO;
				DEBUG_INFORMATION_FORMAT = dwarf;
				ENABLE_STRICT_OBJC_MSGSEND = YES;
				ENABLE_TESTABILITY = YES;
				GCC_C_LANGUAGE_STANDARD = gnu11;
				GCC_DYNAMIC_NO_PIC = NO;
				GCC_NO_COMMON_BLOCKS = YES;
				GCC_OPTIMIZATION_LEVEL = 0;
				GCC_PREPROCESSOR_DEFINITIONS = (
					"DEBUG=1",
					"$(inherited)",
				);
				GCC_WARN_64_TO_32_BIT_CONVERSION = YES;
				GCC_WARN_ABOUT_RETURN_TYPE = YES_ERROR;
				GCC_WARN_UNDECLARED_SELECTOR = YES;
				GCC_WARN_UNINITIALIZED_AUTOS = YES_AGGRESSIVE;
				GCC_WARN_UNUSED_FUNCTION = YES;
				GCC_WARN_UNUSED_VARIABLE = YES;
				IPHONEOS_DEPLOYMENT_TARGET = 11.0;
				MTL_ENABLE_DEBUG_INFO = YES;
				ONLY_ACTIVE_ARCH = YES;
				SDKROOT = iphoneos;
				SWIFT_ACTIVE_COMPILATION_CONDITIONS = DEBUG;
				SWIFT_OPTIMIZATION_LEVEL = "-Onone";
			};
			name = Debug;
		};
		9A5849881FC51F7F005CF88F /* Release */ = {
			isa = XCBuildConfiguration;
			buildSettings = {
				ALWAYS_SEARCH_USER_PATHS = NO;
				CLANG_ANALYZER_NONNULL = YES;
				CLANG_ANALYZER_NUMBER_OBJECT_CONVERSION = YES_AGGRESSIVE;
				CLANG_CXX_LANGUAGE_STANDARD = "gnu++14";
				CLANG_CXX_LIBRARY = "libc++";
				CLANG_ENABLE_MODULES = YES;
				CLANG_ENABLE_OBJC_ARC = YES;
				CLANG_WARN_BLOCK_CAPTURE_AUTORELEASING = YES;
				CLANG_WARN_BOOL_CONVERSION = YES;
				CLANG_WARN_COMMA = YES;
				CLANG_WARN_CONSTANT_CONVERSION = YES;
				CLANG_WARN_DIRECT_OBJC_ISA_USAGE = YES_ERROR;
				CLANG_WARN_DOCUMENTATION_COMMENTS = YES;
				CLANG_WARN_EMPTY_BODY = YES;
				CLANG_WARN_ENUM_CONVERSION = YES;
				CLANG_WARN_INFINITE_RECURSION = YES;
				CLANG_WARN_INT_CONVERSION = YES;
				CLANG_WARN_NON_LITERAL_NULL_CONVERSION = YES;
				CLANG_WARN_OBJC_LITERAL_CONVERSION = YES;
				CLANG_WARN_OBJC_ROOT_CLASS = YES_ERROR;
				CLANG_WARN_RANGE_LOOP_ANALYSIS = YES;
				CLANG_WARN_STRICT_PROTOTYPES = YES;
				CLANG_WARN_SUSPICIOUS_MOVE = YES;
				CLANG_WARN_UNGUARDED_AVAILABILITY = YES_AGGRESSIVE;
				CLANG_WARN_UNREACHABLE_CODE = YES;
				CLANG_WARN__DUPLICATE_METHOD_MATCH = YES;
				CODE_SIGN_IDENTITY = "iPhone Developer";
				COPY_PHASE_STRIP = NO;
				DEBUG_INFORMATION_FORMAT = "dwarf-with-dsym";
				ENABLE_NS_ASSERTIONS = NO;
				ENABLE_STRICT_OBJC_MSGSEND = YES;
				GCC_C_LANGUAGE_STANDARD = gnu11;
				GCC_NO_COMMON_BLOCKS = YES;
				GCC_WARN_64_TO_32_BIT_CONVERSION = YES;
				GCC_WARN_ABOUT_RETURN_TYPE = YES_ERROR;
				GCC_WARN_UNDECLARED_SELECTOR = YES;
				GCC_WARN_UNINITIALIZED_AUTOS = YES_AGGRESSIVE;
				GCC_WARN_UNUSED_FUNCTION = YES;
				GCC_WARN_UNUSED_VARIABLE = YES;
				IPHONEOS_DEPLOYMENT_TARGET = 11.0;
				MTL_ENABLE_DEBUG_INFO = NO;
				SDKROOT = iphoneos;
				SWIFT_OPTIMIZATION_LEVEL = "-Owholemodule";
				VALIDATE_PRODUCT = YES;
			};
			name = Release;
		};
		9A58498A1FC51F7F005CF88F /* Debug */ = {
			isa = XCBuildConfiguration;
			baseConfigurationReference = 04D3E7EB49B96E3F530774B5 /* Pods-D-Help.debug.xcconfig */;
			buildSettings = {
				ASSETCATALOG_COMPILER_APPICON_NAME = AppIcon;
				CODE_SIGN_STYLE = Automatic;
				DEVELOPMENT_TEAM = QN236W67X5;
				INFOPLIST_FILE = "D-Help/Info.plist";
				LD_RUNPATH_SEARCH_PATHS = "$(inherited) @executable_path/Frameworks";
				PRODUCT_BUNDLE_IDENTIFIER = "programmermuslim.D-Help";
				PRODUCT_NAME = "$(TARGET_NAME)";
				SWIFT_VERSION = 4.0;
				TARGETED_DEVICE_FAMILY = "1,2";
			};
			name = Debug;
		};
		9A58498B1FC51F7F005CF88F /* Release */ = {
			isa = XCBuildConfiguration;
			baseConfigurationReference = E201D9D4A6DB4551229263EE /* Pods-D-Help.release.xcconfig */;
			buildSettings = {
				ASSETCATALOG_COMPILER_APPICON_NAME = AppIcon;
				CODE_SIGN_STYLE = Automatic;
				DEVELOPMENT_TEAM = QN236W67X5;
				INFOPLIST_FILE = "D-Help/Info.plist";
				LD_RUNPATH_SEARCH_PATHS = "$(inherited) @executable_path/Frameworks";
				PRODUCT_BUNDLE_IDENTIFIER = "programmermuslim.D-Help";
				PRODUCT_NAME = "$(TARGET_NAME)";
				SWIFT_VERSION = 4.0;
				TARGETED_DEVICE_FAMILY = "1,2";
			};
			name = Release;
		};
		9A58498D1FC51F7F005CF88F /* Debug */ = {
			isa = XCBuildConfiguration;
			buildSettings = {
				ALWAYS_EMBED_SWIFT_STANDARD_LIBRARIES = YES;
				BUNDLE_LOADER = "$(TEST_HOST)";
				CODE_SIGN_STYLE = Automatic;
				DEVELOPMENT_TEAM = QN236W67X5;
				INFOPLIST_FILE = "D-HelpTests/Info.plist";
				LD_RUNPATH_SEARCH_PATHS = "$(inherited) @executable_path/Frameworks @loader_path/Frameworks";
				PRODUCT_BUNDLE_IDENTIFIER = "programmermuslim.D-HelpTests";
				PRODUCT_NAME = "$(TARGET_NAME)";
				SWIFT_VERSION = 4.0;
				TARGETED_DEVICE_FAMILY = "1,2";
				TEST_HOST = "$(BUILT_PRODUCTS_DIR)/D-Help.app/D-Help";
			};
			name = Debug;
		};
		9A58498E1FC51F7F005CF88F /* Release */ = {
			isa = XCBuildConfiguration;
			buildSettings = {
				ALWAYS_EMBED_SWIFT_STANDARD_LIBRARIES = YES;
				BUNDLE_LOADER = "$(TEST_HOST)";
				CODE_SIGN_STYLE = Automatic;
				DEVELOPMENT_TEAM = QN236W67X5;
				INFOPLIST_FILE = "D-HelpTests/Info.plist";
				LD_RUNPATH_SEARCH_PATHS = "$(inherited) @executable_path/Frameworks @loader_path/Frameworks";
				PRODUCT_BUNDLE_IDENTIFIER = "programmermuslim.D-HelpTests";
				PRODUCT_NAME = "$(TARGET_NAME)";
				SWIFT_VERSION = 4.0;
				TARGETED_DEVICE_FAMILY = "1,2";
				TEST_HOST = "$(BUILT_PRODUCTS_DIR)/D-Help.app/D-Help";
			};
			name = Release;
		};
		9A5849901FC51F7F005CF88F /* Debug */ = {
			isa = XCBuildConfiguration;
			buildSettings = {
				ALWAYS_EMBED_SWIFT_STANDARD_LIBRARIES = YES;
				CODE_SIGN_STYLE = Automatic;
				DEVELOPMENT_TEAM = QN236W67X5;
				INFOPLIST_FILE = "D-HelpUITests/Info.plist";
				LD_RUNPATH_SEARCH_PATHS = "$(inherited) @executable_path/Frameworks @loader_path/Frameworks";
				PRODUCT_BUNDLE_IDENTIFIER = "programmermuslim.D-HelpUITests";
				PRODUCT_NAME = "$(TARGET_NAME)";
				SWIFT_VERSION = 4.0;
				TARGETED_DEVICE_FAMILY = "1,2";
				TEST_TARGET_NAME = "D-Help";
			};
			name = Debug;
		};
		9A5849911FC51F7F005CF88F /* Release */ = {
			isa = XCBuildConfiguration;
			buildSettings = {
				ALWAYS_EMBED_SWIFT_STANDARD_LIBRARIES = YES;
				CODE_SIGN_STYLE = Automatic;
				DEVELOPMENT_TEAM = QN236W67X5;
				INFOPLIST_FILE = "D-HelpUITests/Info.plist";
				LD_RUNPATH_SEARCH_PATHS = "$(inherited) @executable_path/Frameworks @loader_path/Frameworks";
				PRODUCT_BUNDLE_IDENTIFIER = "programmermuslim.D-HelpUITests";
				PRODUCT_NAME = "$(TARGET_NAME)";
				SWIFT_VERSION = 4.0;
				TARGETED_DEVICE_FAMILY = "1,2";
				TEST_TARGET_NAME = "D-Help";
			};
			name = Release;
		};
/* End XCBuildConfiguration section */

/* Begin XCConfigurationList section */
		9A5849591FC51F7F005CF88F /* Build configuration list for PBXProject "D-Help" */ = {
			isa = XCConfigurationList;
			buildConfigurations = (
				9A5849871FC51F7F005CF88F /* Debug */,
				9A5849881FC51F7F005CF88F /* Release */,
			);
			defaultConfigurationIsVisible = 0;
			defaultConfigurationName = Release;
		};
		9A5849891FC51F7F005CF88F /* Build configuration list for PBXNativeTarget "D-Help" */ = {
			isa = XCConfigurationList;
			buildConfigurations = (
				9A58498A1FC51F7F005CF88F /* Debug */,
				9A58498B1FC51F7F005CF88F /* Release */,
			);
			defaultConfigurationIsVisible = 0;
			defaultConfigurationName = Release;
		};
		9A58498C1FC51F7F005CF88F /* Build configuration list for PBXNativeTarget "D-HelpTests" */ = {
			isa = XCConfigurationList;
			buildConfigurations = (
				9A58498D1FC51F7F005CF88F /* Debug */,
				9A58498E1FC51F7F005CF88F /* Release */,
			);
			defaultConfigurationIsVisible = 0;
			defaultConfigurationName = Release;
		};
		9A58498F1FC51F7F005CF88F /* Build configuration list for PBXNativeTarget "D-HelpUITests" */ = {
			isa = XCConfigurationList;
			buildConfigurations = (
				9A5849901FC51F7F005CF88F /* Debug */,
				9A5849911FC51F7F005CF88F /* Release */,
			);
			defaultConfigurationIsVisible = 0;
			defaultConfigurationName = Release;
		};
/* End XCConfigurationList section */

/* Begin XCVersionGroup section */
		9A5849681FC51F7F005CF88F /* D_Help.xcdatamodeld */ = {
			isa = XCVersionGroup;
			children = (
				9A5849691FC51F7F005CF88F /* D_Help.xcdatamodel */,
			);
			currentVersion = 9A5849691FC51F7F005CF88F /* D_Help.xcdatamodel */;
			path = D_Help.xcdatamodeld;
			sourceTree = "<group>";
			versionGroupType = wrapper.xcdatamodel;
		};
/* End XCVersionGroup section */
	};
	rootObject = 9A5849561FC51F7F005CF88F /* Project object */;
}
